// !$*UTF8*$!
{
	archiveVersion = 1;
	classes = {
	};
	objectVersion = 46;
	objects = {

/* Begin PBXBuildFile section */
		CB47005B1A5C8616001E1839 /* main.m in Sources */ = {isa = PBXBuildFile; fileRef = CB47005A1A5C8616001E1839 /* main.m */; };
		CB47005E1A5C8616001E1839 /* AppDelegate.m in Sources */ = {isa = PBXBuildFile; fileRef = CB47005D1A5C8616001E1839 /* AppDelegate.m */; };
		CB4700611A5C8616001E1839 /* FirstViewController.m in Sources */ = {isa = PBXBuildFile; fileRef = CB4700601A5C8616001E1839 /* FirstViewController.m */; };
		CB4700641A5C8616001E1839 /* SecondViewController.m in Sources */ = {isa = PBXBuildFile; fileRef = CB4700631A5C8616001E1839 /* SecondViewController.m */; };
		CB4700671A5C8616001E1839 /* Main.storyboard in Resources */ = {isa = PBXBuildFile; fileRef = CB4700651A5C8616001E1839 /* Main.storyboard */; };
		CB4700691A5C8616001E1839 /* Images.xcassets in Resources */ = {isa = PBXBuildFile; fileRef = CB4700681A5C8616001E1839 /* Images.xcassets */; };
		CB47006C1A5C8616001E1839 /* LaunchScreen.xib in Resources */ = {isa = PBXBuildFile; fileRef = CB47006A1A5C8616001E1839 /* LaunchScreen.xib */; };
		CB4700781A5C8616001E1839 /* waves_iosTests.m in Sources */ = {isa = PBXBuildFile; fileRef = CB4700771A5C8616001E1839 /* waves_iosTests.m */; };
/* End PBXBuildFile section */

/* Begin PBXContainerItemProxy section */
		CB4700721A5C8616001E1839 /* PBXContainerItemProxy */ = {
			isa = PBXContainerItemProxy;
			containerPortal = CB47004D1A5C8616001E1839 /* Project object */;
			proxyType = 1;
			remoteGlobalIDString = CB4700541A5C8616001E1839;
			remoteInfo = "waves-ios";
		};
/* End PBXContainerItemProxy section */

/* Begin PBXFileReference section */
		CB4700551A5C8616001E1839 /* waves-ios.app */ = {isa = PBXFileReference; explicitFileType = wrapper.application; includeInIndex = 0; path = "waves-ios.app"; sourceTree = BUILT_PRODUCTS_DIR; };
		CB4700591A5C8616001E1839 /* Info.plist */ = {isa = PBXFileReference; lastKnownFileType = text.plist.xml; path = Info.plist; sourceTree = "<group>"; };
		CB47005A1A5C8616001E1839 /* main.m */ = {isa = PBXFileReference; lastKnownFileType = sourcecode.c.objc; path = main.m; sourceTree = "<group>"; };
		CB47005C1A5C8616001E1839 /* AppDelegate.h */ = {isa = PBXFileReference; lastKnownFileType = sourcecode.c.h; path = AppDelegate.h; sourceTree = "<group>"; };
		CB47005D1A5C8616001E1839 /* AppDelegate.m */ = {isa = PBXFileReference; lastKnownFileType = sourcecode.c.objc; path = AppDelegate.m; sourceTree = "<group>"; };
		CB47005F1A5C8616001E1839 /* FirstViewController.h */ = {isa = PBXFileReference; lastKnownFileType = sourcecode.c.h; path = FirstViewController.h; sourceTree = "<group>"; };
		CB4700601A5C8616001E1839 /* FirstViewController.m */ = {isa = PBXFileReference; lastKnownFileType = sourcecode.c.objc; path = FirstViewController.m; sourceTree = "<group>"; };
		CB4700621A5C8616001E1839 /* SecondViewController.h */ = {isa = PBXFileReference; lastKnownFileType = sourcecode.c.h; path = SecondViewController.h; sourceTree = "<group>"; };
		CB4700631A5C8616001E1839 /* SecondViewController.m */ = {isa = PBXFileReference; lastKnownFileType = sourcecode.c.objc; path = SecondViewController.m; sourceTree = "<group>"; };
		CB4700661A5C8616001E1839 /* Base */ = {isa = PBXFileReference; lastKnownFileType = file.storyboard; name = Base; path = Base.lproj/Main.storyboard; sourceTree = "<group>"; };
		CB4700681A5C8616001E1839 /* Images.xcassets */ = {isa = PBXFileReference; lastKnownFileType = folder.assetcatalog; path = Images.xcassets; sourceTree = "<group>"; };
		CB47006B1A5C8616001E1839 /* Base */ = {isa = PBXFileReference; lastKnownFileType = file.xib; name = Base; path = Base.lproj/LaunchScreen.xib; sourceTree = "<group>"; };
		CB4700711A5C8616001E1839 /* waves-iosTests.xctest */ = {isa = PBXFileReference; explicitFileType = wrapper.cfbundle; includeInIndex = 0; path = "waves-iosTests.xctest"; sourceTree = BUILT_PRODUCTS_DIR; };
		CB4700761A5C8616001E1839 /* Info.plist */ = {isa = PBXFileReference; lastKnownFileType = text.plist.xml; path = Info.plist; sourceTree = "<group>"; };
		CB4700771A5C8616001E1839 /* waves_iosTests.m */ = {isa = PBXFileReference; lastKnownFileType = sourcecode.c.objc; path = waves_iosTests.m; sourceTree = "<group>"; };
/* End PBXFileReference section */

/* Begin PBXFrameworksBuildPhase section */
		CB4700521A5C8616001E1839 /* Frameworks */ = {
			isa = PBXFrameworksBuildPhase;
			buildActionMask = 2147483647;
			files = (
			);
			runOnlyForDeploymentPostprocessing = 0;
		};
		CB47006E1A5C8616001E1839 /* Frameworks */ = {
			isa = PBXFrameworksBuildPhase;
			buildActionMask = 2147483647;
			files = (
			);
			runOnlyForDeploymentPostprocessing = 0;
		};
/* End PBXFrameworksBuildPhase section */

/* Begin PBXGroup section */
		CB47004C1A5C8616001E1839 = {
			isa = PBXGroup;
			children = (
				CB4700571A5C8616001E1839 /* waves-ios */,
				CB4700741A5C8616001E1839 /* waves-iosTests */,
				CB4700561A5C8616001E1839 /* Products */,
			);
			sourceTree = "<group>";
		};
		CB4700561A5C8616001E1839 /* Products */ = {
			isa = PBXGroup;
			children = (
				CB4700551A5C8616001E1839 /* waves-ios.app */,
				CB4700711A5C8616001E1839 /* waves-iosTests.xctest */,
			);
			name = Products;
			sourceTree = "<group>";
		};
		CB4700571A5C8616001E1839 /* waves-ios */ = {
			isa = PBXGroup;
			children = (
				CB47005C1A5C8616001E1839 /* AppDelegate.h */,
				CB47005D1A5C8616001E1839 /* AppDelegate.m */,
				CB47005F1A5C8616001E1839 /* FirstViewController.h */,
				CB4700601A5C8616001E1839 /* FirstViewController.m */,
				CB4700621A5C8616001E1839 /* SecondViewController.h */,
				CB4700631A5C8616001E1839 /* SecondViewController.m */,
				CB4700651A5C8616001E1839 /* Main.storyboard */,
				CB4700681A5C8616001E1839 /* Images.xcassets */,
				CB47006A1A5C8616001E1839 /* LaunchScreen.xib */,
				CB4700581A5C8616001E1839 /* Supporting Files */,
			);
			path = "waves-ios";
			sourceTree = "<group>";
		};
		CB4700581A5C8616001E1839 /* Supporting Files */ = {
			isa = PBXGroup;
			children = (
				CB4700591A5C8616001E1839 /* Info.plist */,
				CB47005A1A5C8616001E1839 /* main.m */,
			);
			name = "Supporting Files";
			sourceTree = "<group>";
		};
		CB4700741A5C8616001E1839 /* waves-iosTests */ = {
			isa = PBXGroup;
			children = (
				CB4700771A5C8616001E1839 /* waves_iosTests.m */,
				CB4700751A5C8616001E1839 /* Supporting Files */,
			);
			path = "waves-iosTests";
			sourceTree = "<group>";
		};
		CB4700751A5C8616001E1839 /* Supporting Files */ = {
			isa = PBXGroup;
			children = (
				CB4700761A5C8616001E1839 /* Info.plist */,
			);
			name = "Supporting Files";
			sourceTree = "<group>";
		};
/* End PBXGroup section */

/* Begin PBXNativeTarget section */
		CB4700541A5C8616001E1839 /* waves-ios */ = {
			isa = PBXNativeTarget;
			buildConfigurationList = CB47007B1A5C8616001E1839 /* Build configuration list for PBXNativeTarget "waves-ios" */;
			buildPhases = (
				CB4700511A5C8616001E1839 /* Sources */,
				CB4700521A5C8616001E1839 /* Frameworks */,
				CB4700531A5C8616001E1839 /* Resources */,
			);
			buildRules = (
			);
			dependencies = (
			);
			name = "waves-ios";
			productName = "waves-ios";
			productReference = CB4700551A5C8616001E1839 /* waves-ios.app */;
			productType = "com.apple.product-type.application";
		};
		CB4700701A5C8616001E1839 /* waves-iosTests */ = {
			isa = PBXNativeTarget;
			buildConfigurationList = CB47007E1A5C8616001E1839 /* Build configuration list for PBXNativeTarget "waves-iosTests" */;
			buildPhases = (
				CB47006D1A5C8616001E1839 /* Sources */,
				CB47006E1A5C8616001E1839 /* Frameworks */,
				CB47006F1A5C8616001E1839 /* Resources */,
			);
			buildRules = (
			);
			dependencies = (
				CB4700731A5C8616001E1839 /* PBXTargetDependency */,
			);
			name = "waves-iosTests";
			productName = "waves-iosTests";
			productReference = CB4700711A5C8616001E1839 /* waves-iosTests.xctest */;
			productType = "com.apple.product-type.bundle.unit-test";
		};
/* End PBXNativeTarget section */

/* Begin PBXProject section */
		CB47004D1A5C8616001E1839 /* Project object */ = {
			isa = PBXProject;
			attributes = {
				LastUpgradeCheck = 0610;
				ORGANIZATIONNAME = "Charlie White";
				TargetAttributes = {
					CB4700541A5C8616001E1839 = {
						CreatedOnToolsVersion = 6.1.1;
					};
					CB4700701A5C8616001E1839 = {
						CreatedOnToolsVersion = 6.1.1;
						TestTargetID = CB4700541A5C8616001E1839;
					};
				};
			};
			buildConfigurationList = CB4700501A5C8616001E1839 /* Build configuration list for PBXProject "waves-ios" */;
			compatibilityVersion = "Xcode 3.2";
			developmentRegion = English;
			hasScannedForEncodings = 0;
			knownRegions = (
				en,
				Base,
			);
			mainGroup = CB47004C1A5C8616001E1839;
			productRefGroup = CB4700561A5C8616001E1839 /* Products */;
			projectDirPath = "";
			projectRoot = "";
			targets = (
				CB4700541A5C8616001E1839 /* waves-ios */,
				CB4700701A5C8616001E1839 /* waves-iosTests */,
			);
		};
/* End PBXProject section */

/* Begin PBXResourcesBuildPhase section */
		CB4700531A5C8616001E1839 /* Resources */ = {
			isa = PBXResourcesBuildPhase;
			buildActionMask = 2147483647;
			files = (
				CB4700671A5C8616001E1839 /* Main.storyboard in Resources */,
				CB47006C1A5C8616001E1839 /* LaunchScreen.xib in Resources */,
				CB4700691A5C8616001E1839 /* Images.xcassets in Resources */,
			);
			runOnlyForDeploymentPostprocessing = 0;
		};
		CB47006F1A5C8616001E1839 /* Resources */ = {
			isa = PBXResourcesBuildPhase;
			buildActionMask = 2147483647;
			files = (
			);
			runOnlyForDeploymentPostprocessing = 0;
		};
/* End PBXResourcesBuildPhase section */

/* Begin PBXSourcesBuildPhase section */
		CB4700511A5C8616001E1839 /* Sources */ = {
			isa = PBXSourcesBuildPhase;
			buildActionMask = 2147483647;
			files = (
				CB4700641A5C8616001E1839 /* SecondViewController.m in Sources */,
				CB47005E1A5C8616001E1839 /* AppDelegate.m in Sources */,
				CB4700611A5C8616001E1839 /* FirstViewController.m in Sources */,
				CB47005B1A5C8616001E1839 /* main.m in Sources */,
			);
			runOnlyForDeploymentPostprocessing = 0;
		};
		CB47006D1A5C8616001E1839 /* Sources */ = {
			isa = PBXSourcesBuildPhase;
			buildActionMask = 2147483647;
			files = (
				CB4700781A5C8616001E1839 /* waves_iosTests.m in Sources */,
			);
			runOnlyForDeploymentPostprocessing = 0;
		};
/* End PBXSourcesBuildPhase section */

/* Begin PBXTargetDependency section */
		CB4700731A5C8616001E1839 /* PBXTargetDependency */ = {
			isa = PBXTargetDependency;
			target = CB4700541A5C8616001E1839 /* waves-ios */;
			targetProxy = CB4700721A5C8616001E1839 /* PBXContainerItemProxy */;
		};
/* End PBXTargetDependency section */

/* Begin PBXVariantGroup section */
		CB4700651A5C8616001E1839 /* Main.storyboard */ = {
			isa = PBXVariantGroup;
			children = (
				CB4700661A5C8616001E1839 /* Base */,
			);
			name = Main.storyboard;
			sourceTree = "<group>";
		};
		CB47006A1A5C8616001E1839 /* LaunchScreen.xib */ = {
			isa = PBXVariantGroup;
			children = (
				CB47006B1A5C8616001E1839 /* Base */,
			);
			name = LaunchScreen.xib;
			sourceTree = "<group>";
		};
/* End PBXVariantGroup section */

/* Begin XCBuildConfiguration section */
		CB4700791A5C8616001E1839 /* Debug */ = {
			isa = XCBuildConfiguration;
			buildSettings = {
				ALWAYS_SEARCH_USER_PATHS = NO;
				CLANG_CXX_LANGUAGE_STANDARD = "gnu++0x";
				CLANG_CXX_LIBRARY = "libc++";
				CLANG_ENABLE_MODULES = YES;
				CLANG_ENABLE_OBJC_ARC = YES;
				CLANG_WARN_BOOL_CONVERSION = YES;
				CLANG_WARN_CONSTANT_CONVERSION = YES;
				CLANG_WARN_DIRECT_OBJC_ISA_USAGE = YES_ERROR;
				CLANG_WARN_EMPTY_BODY = YES;
				CLANG_WARN_ENUM_CONVERSION = YES;
				CLANG_WARN_INT_CONVERSION = YES;
				CLANG_WARN_OBJC_ROOT_CLASS = YES_ERROR;
				CLANG_WARN_UNREACHABLE_CODE = YES;
				CLANG_WARN__DUPLICATE_METHOD_MATCH = YES;
				"CODE_SIGN_IDENTITY[sdk=iphoneos*]" = "iPhone Developer";
				COPY_PHASE_STRIP = NO;
				ENABLE_STRICT_OBJC_MSGSEND = YES;
				GCC_C_LANGUAGE_STANDARD = gnu99;
				GCC_DYNAMIC_NO_PIC = NO;
				GCC_OPTIMIZATION_LEVEL = 0;
				GCC_PREPROCESSOR_DEFINITIONS = (
					"DEBUG=1",
					"$(inherited)",
				);
				GCC_SYMBOLS_PRIVATE_EXTERN = NO;
				GCC_WARN_64_TO_32_BIT_CONVERSION = YES;
				GCC_WARN_ABOUT_RETURN_TYPE = YES_ERROR;
				GCC_WARN_UNDECLARED_SELECTOR = YES;
				GCC_WARN_UNINITIALIZED_AUTOS = YES_AGGRESSIVE;
				GCC_WARN_UNUSED_FUNCTION = YES;
				GCC_WARN_UNUSED_VARIABLE = YES;
				IPHONEOS_DEPLOYMENT_TARGET = 8.1;
				MTL_ENABLE_DEBUG_INFO = YES;
				ONLY_ACTIVE_ARCH = YES;
				SDKROOT = iphoneos;
			};
			name = Debug;
		};
		CB47007A1A5C8616001E1839 /* Release */ = {
			isa = XCBuildConfiguration;
			buildSettings = {
				ALWAYS_SEARCH_USER_PATHS = NO;
				CLANG_CXX_LANGUAGE_STANDARD = "gnu++0x";
				CLANG_CXX_LIBRARY = "libc++";
				CLANG_ENABLE_MODULES = YES;
				CLANG_ENABLE_OBJC_ARC = YES;
				CLANG_WARN_BOOL_CONVERSION = YES;
				CLANG_WARN_CONSTANT_CONVERSION = YES;
				CLANG_WARN_DIRECT_OBJC_ISA_USAGE = YES_ERROR;
				CLANG_WARN_EMPTY_BODY = YES;
				CLANG_WARN_ENUM_CONVERSION = YES;
				CLANG_WARN_INT_CONVERSION = YES;
				CLANG_WARN_OBJC_ROOT_CLASS = YES_ERROR;
				CLANG_WARN_UNREACHABLE_CODE = YES;
				CLANG_WARN__DUPLICATE_METHOD_MATCH = YES;
				"CODE_SIGN_IDENTITY[sdk=iphoneos*]" = "iPhone Developer";
				COPY_PHASE_STRIP = YES;
				ENABLE_NS_ASSERTIONS = NO;
				ENABLE_STRICT_OBJC_MSGSEND = YES;
				GCC_C_LANGUAGE_STANDARD = gnu99;
				GCC_WARN_64_TO_32_BIT_CONVERSION = YES;
				GCC_WARN_ABOUT_RETURN_TYPE = YES_ERROR;
				GCC_WARN_UNDECLARED_SELECTOR = YES;
				GCC_WARN_UNINITIALIZED_AUTOS = YES_AGGRESSIVE;
				GCC_WARN_UNUSED_FUNCTION = YES;
				GCC_WARN_UNUSED_VARIABLE = YES;
				IPHONEOS_DEPLOYMENT_TARGET = 8.1;
				MTL_ENABLE_DEBUG_INFO = NO;
				SDKROOT = iphoneos;
				VALIDATE_PRODUCT = YES;
			};
			name = Release;
		};
		CB47007C1A5C8616001E1839 /* Debug */ = {
			isa = XCBuildConfiguration;
			buildSettings = {
				ASSETCATALOG_COMPILER_APPICON_NAME = AppIcon;
				INFOPLIST_FILE = "waves-ios/Info.plist";
				LD_RUNPATH_SEARCH_PATHS = "$(inherited) @executable_path/Frameworks";
				PRODUCT_NAME = "$(TARGET_NAME)";
			};
			name = Debug;
		};
		CB47007D1A5C8616001E1839 /* Release */ = {
			isa = XCBuildConfiguration;
			buildSettings = {
				ASSETCATALOG_COMPILER_APPICON_NAME = AppIcon;
				INFOPLIST_FILE = "waves-ios/Info.plist";
				LD_RUNPATH_SEARCH_PATHS = "$(inherited) @executable_path/Frameworks";
				PRODUCT_NAME = "$(TARGET_NAME)";
			};
			name = Release;
		};
		CB47007F1A5C8616001E1839 /* Debug */ = {
			isa = XCBuildConfiguration;
			buildSettings = {
				BUNDLE_LOADER = "$(TEST_HOST)";
				FRAMEWORK_SEARCH_PATHS = (
					"$(SDKROOT)/Developer/Library/Frameworks",
					"$(inherited)",
				);
				GCC_PREPROCESSOR_DEFINITIONS = (
					"DEBUG=1",
					"$(inherited)",
				);
				INFOPLIST_FILE = "waves-iosTests/Info.plist";
				LD_RUNPATH_SEARCH_PATHS = "$(inherited) @executable_path/Frameworks @loader_path/Frameworks";
				PRODUCT_NAME = "$(TARGET_NAME)";
				TEST_HOST = "$(BUILT_PRODUCTS_DIR)/waves-ios.app/waves-ios";
			};
			name = Debug;
		};
		CB4700801A5C8616001E1839 /* Release */ = {
			isa = XCBuildConfiguration;
			buildSettings = {
				BUNDLE_LOADER = "$(TEST_HOST)";
				FRAMEWORK_SEARCH_PATHS = (
					"$(SDKROOT)/Developer/Library/Frameworks",
					"$(inherited)",
				);
				INFOPLIST_FILE = "waves-iosTests/Info.plist";
				LD_RUNPATH_SEARCH_PATHS = "$(inherited) @executable_path/Frameworks @loader_path/Frameworks";
				PRODUCT_NAME = "$(TARGET_NAME)";
				TEST_HOST = "$(BUILT_PRODUCTS_DIR)/waves-ios.app/waves-ios";
			};
			name = Release;
		};
/* End XCBuildConfiguration section */

/* Begin XCConfigurationList section */
		CB4700501A5C8616001E1839 /* Build configuration list for PBXProject "waves-ios" */ = {
			isa = XCConfigurationList;
			buildConfigurations = (
				CB4700791A5C8616001E1839 /* Debug */,
				CB47007A1A5C8616001E1839 /* Release */,
			);
			defaultConfigurationIsVisible = 0;
			defaultConfigurationName = Release;
		};
		CB47007B1A5C8616001E1839 /* Build configuration list for PBXNativeTarget "waves-ios" */ = {
			isa = XCConfigurationList;
			buildConfigurations = (
				CB47007C1A5C8616001E1839 /* Debug */,
				CB47007D1A5C8616001E1839 /* Release */,
			);
			defaultConfigurationIsVisible = 0;
		};
		CB47007E1A5C8616001E1839 /* Build configuration list for PBXNativeTarget "waves-iosTests" */ = {
			isa = XCConfigurationList;
			buildConfigurations = (
				CB47007F1A5C8616001E1839 /* Debug */,
				CB4700801A5C8616001E1839 /* Release */,
			);
			defaultConfigurationIsVisible = 0;
		};
/* End XCConfigurationList section */
	};
	rootObject = CB47004D1A5C8616001E1839 /* Project object */;
}
